# This file is autogenerated, do not edit; changes may be undone by the next 'dep ensure'.


[[projects]]
  branch = "master"
  name = "github.com/xrash/smetrics"
  packages = ["."]
  revision = "a3153f7040e90324c58c6287535e26a0ac5c1cc1"

[[projects]]
  branch = "master"
  name = "github.com/zikes/sift4"
  packages = ["."]
  revision = "8e89a8aebc1f2f8ab671b94921fe5472c9f99847"

[solve-meta]
  analyzer-name = "dep"
  analyzer-version = 1
  inputs-digest = "0e52293147a2b06f2120c9ce403bc46fd97ba2bae6ebc1a41d9352b07fcec506"
  solver-name = "gps-cdcl"
  solver-version = 1
